
Microsoft Visual Studio Solution File, Format Version 12.00
# Visual Studio Version 17
VisualStudioVersion = 17.14.36414.22 d17.14
MinimumVisualStudioVersion = 10.0.40219.1
Project("{FAE04EC0-301F-11D3-BF4B-00C04F79EFBC}") = "Session 02", "Session 02\Session 02.csproj", "{1894D025-21D4-4B5E-9E1D-46B66C72D857}"
EndProject
Global
	GlobalSection(SolutionConfigurationPlatforms) = preSolution
		Debug|Any CPU = Debug|Any CPU
		Release|Any CPU = Release|Any CPU
	EndGlobalSection
	GlobalSection(ProjectConfigurationPlatforms) = postSolution
		{1894D025-21D4-4B5E-9E1D-46B66C72D857}.Debug|Any CPU.ActiveCfg = Debug|Any CPU
		{1894D025-21D4-4B5E-9E1D-46B66C72D857}.Debug|Any CPU.Build.0 = Debug|Any CPU
		{1894D025-21D4-4B5E-9E1D-46B66C72D857}.Release|Any CPU.ActiveCfg = Release|Any CPU
		{1894D025-21D4-4B5E-9E1D-46B66C72D857}.Release|Any CPU.Build.0 = Release|Any CPU
	EndGlobalSection
	GlobalSection(SolutionProperties) = preSolution
		HideSolutionNode = FALSE
	EndGlobalSection
	GlobalSection(ExtensibilityGlobals) = postSolution
		SolutionGuid = {F508165A-B2CB-4D74-B92F-64B74460EA00}
	EndGlobalSection
EndGlobal
